<?xml version="1.0"?>
<CONFIG>
  <ProjectOptions>
    <Version Value="9"/>
    <General>
      <SessionStorage Value="InProjectDir"/>
      <MainUnit Value="0"/>
      <AutoCreateForms Value="False"/>
      <Title Value="epidataentryclient"/>
      <ResourceType Value="res"/>
      <UseXPManifest Value="True"/>
      <Icon Value="0"/>
    </General>
    <VersionInfo>
      <UseVersionInfo Value="True"/>
      <MinorVersionNr Value="4"/>
      <Language Value="0809"/>
      <CharSet Value="04B0"/>
      <StringTable ProductVersion=""/>
    </VersionInfo>
    <BuildModes Count="1">
      <Item1 Name="Default" Default="True"/>
    </BuildModes>
    <PublishOptions>
      <Version Value="2"/>
      <IgnoreBinaries Value="False"/>
      <IncludeFileFilter Value="*.(pas|pp|inc|lfm|lpr|lrs|lpi|lpk|sh|xml)"/>
      <ExcludeFileFilter Value="*.(bak|ppu|ppw|o|so);*~;backup"/>
    </PublishOptions>
    <RunParams>
      <local>
        <FormatVersion Value="1"/>
        <LaunchingApplication PathPlusParams="/usr/bin/xterm -T 'Lazarus Run Output' -e $(LazarusDir)/tools/runwait.sh $(TargetCmdLine)"/>
      </local>
    </RunParams>
    <RequiredPackages Count="4">
      <Item1>
        <PackageName Value="LCLBase"/>
        <MinVersion Major="1" Release="1" Valid="True"/>
      </Item1>
      <Item2>
        <PackageName Value="epidatacore"/>
        <MinVersion Minor="5" Valid="True"/>
      </Item2>
      <Item3>
        <PackageName Value="lnetbase"/>
      </Item3>
      <Item4>
        <PackageName Value="LCL"/>
      </Item4>
    </RequiredPackages>
    <Units Count="21">
      <Unit0>
        <Filename Value="epidataentryclient.lpr"/>
        <IsPartOfProject Value="True"/>
        <UnitName Value="epidataentryclient"/>
      </Unit0>
      <Unit1>
        <Filename Value="main.pas"/>
        <IsPartOfProject Value="True"/>
        <ComponentName Value="MainForm"/>
        <ResourceBaseClass Value="Form"/>
        <UnitName Value="main"/>
      </Unit1>
      <Unit2>
        <Filename Value="project_frame.pas"/>
        <IsPartOfProject Value="True"/>
        <ComponentName Value="ProjectFrame"/>
        <ResourceBaseClass Value="Frame"/>
        <UnitName Value="project_frame"/>
      </Unit2>
      <Unit3>
        <Filename Value="dataform/dataform_frame.pas"/>
        <IsPartOfProject Value="True"/>
        <ComponentName Value="DataFormFrame"/>
        <ResourceBaseClass Value="Frame"/>
        <UnitName Value="dataform_frame"/>
      </Unit3>
      <Unit4>
        <Filename Value="dataform/fieldedit.pas"/>
        <IsPartOfProject Value="True"/>
        <UnitName Value="fieldedit"/>
      </Unit4>
      <Unit5>
        <Filename Value="entryprocs.pas"/>
        <IsPartOfProject Value="True"/>
        <UnitName Value="entryprocs"/>
      </Unit5>
      <Unit6>
        <Filename Value="settings.pas"/>
        <IsPartOfProject Value="True"/>
        <ComponentName Value="SettingsForm"/>
        <ResourceBaseClass Value="Form"/>
        <UnitName Value="settings"/>
      </Unit6>
      <Unit7>
        <Filename Value="about.pas"/>
        <IsPartOfProject Value="True"/>
        <ComponentName Value="AboutForm"/>
        <ResourceBaseClass Value="Form"/>
        <UnitName Value="about"/>
      </Unit7>
      <Unit8>
        <Filename Value="../EpiData.dk/checkversion.php"/>
        <IsPartOfProject Value="True"/>
      </Unit8>
      <Unit9>
        <Filename Value="dataform/picklist.pas"/>
        <IsPartOfProject Value="True"/>
        <ComponentName Value="ValueLabelsPickListForm"/>
        <ResourceBaseClass Value="Form"/>
        <UnitName Value="picklist"/>
      </Unit9>
      <Unit10>
        <Filename Value="dataform/notes_form.pas"/>
        <IsPartOfProject Value="True"/>
        <ComponentName Value="NotesForm"/>
        <ResourceBaseClass Value="Form"/>
        <UnitName Value="notes_form"/>
      </Unit10>
      <Unit11>
        <Filename Value="dataform/dataform_field_calculations.pas"/>
        <IsPartOfProject Value="True"/>
        <UnitName Value="dataform_field_calculations"/>
      </Unit11>
      <Unit12>
        <Filename Value="settings/settings2.pas"/>
        <IsPartOfProject Value="True"/>
        <ComponentName Value="Settings2Form"/>
        <ResourceBaseClass Value="Form"/>
        <UnitName Value="settings2"/>
      </Unit12>
      <Unit13>
        <Filename Value="settings/settings2_interface.pas"/>
        <IsPartOfProject Value="True"/>
        <UnitName Value="settings2_interface"/>
      </Unit13>
      <Unit14>
        <Filename Value="settings/settings2_paths_frame.pas"/>
        <IsPartOfProject Value="True"/>
        <ComponentName Value="SettingsPathsFrame"/>
        <ResourceBaseClass Value="Frame"/>
        <UnitName Value="settings2_paths_frame"/>
      </Unit14>
      <Unit15>
        <Filename Value="settings/settings2_colours_frame.pas"/>
        <IsPartOfProject Value="True"/>
        <ComponentName Value="SettingsColourFrame"/>
        <ResourceBaseClass Value="Frame"/>
        <UnitName Value="settings2_colours_frame"/>
      </Unit15>
      <Unit16>
        <Filename Value="settings/settings_general_frame.pas"/>
        <IsPartOfProject Value="True"/>
        <ComponentName Value="SettingsGeneralFrame"/>
        <ResourceBaseClass Value="Frame"/>
        <UnitName Value="settings_general_frame"/>
      </Unit16>
      <Unit17>
        <Filename Value="search/searchform.pas"/>
        <IsPartOfProject Value="True"/>
        <ComponentName Value="SearchForm1"/>
        <ResourceBaseClass Value="Form"/>
        <UnitName Value="searchform"/>
      </Unit17>
      <Unit18>
        <Filename Value="search/search.pas"/>
        <IsPartOfProject Value="True"/>
        <UnitName Value="search"/>
      </Unit18>
      <Unit19>
        <Filename Value="search/resultlist_form.pas"/>
        <IsPartOfProject Value="True"/>
        <ComponentName Value="ResultListForm"/>
        <ResourceBaseClass Value="Form"/>
        <UnitName Value="resultlist_form"/>
      </Unit19>
      <Unit20>
        <Filename Value="settings/settings2_fonts_frame.pas"/>
        <IsPartOfProject Value="True"/>
        <ComponentName Value="SettingsFontsFrame"/>
        <ResourceBaseClass Value="Frame"/>
        <UnitName Value="settings2_fonts_frame"/>
      </Unit20>
    </Units>
  </ProjectOptions>
  <CompilerOptions>
    <Version Value="10"/>
    <Target>
      <Filename Value="epidataentryclient"/>
    </Target>
    <SearchPaths>
      <IncludeFiles Value="$(ProjOutDir)"/>
      <OtherUnitFiles Value="dataform;settings;search"/>
      <UnitOutputDirectory Value="lib/$(TargetCPU)-$(TargetOS)"/>
    </SearchPaths>
    <Parsing>
      <SyntaxOptions>
        <CStyleMacros Value="True"/>
      </SyntaxOptions>
    </Parsing>
    <CodeGeneration>
      <Optimizations>
        <OptimizationLevel Value="0"/>
      </Optimizations>
    </CodeGeneration>
    <Linking>
      <Debugging>
        <GenerateDebugInfo Value="True"/>
        <GenerateDwarf Value="True"/>
      </Debugging>
      <Options>
        <Win32>
          <GraphicApplication Value="True"/>
        </Win32>
      </Options>
    </Linking>
    <Other>
      <CompilerMessages>
        <UseMsgFile Value="True"/>
      </CompilerMessages>
      <CustomOptions Value="-dEPI_DEBUG1
-dEPI_RELEASE"/>
      <CompilerPath Value="$(CompPath)"/>
    </Other>
  </CompilerOptions>
  <Debugging>
    <Exceptions Count="3">
      <Item1>
        <Name Value="EAbort"/>
      </Item1>
      <Item2>
        <Name Value="ECodetoolError"/>
      </Item2>
      <Item3>
        <Name Value="EFOpenError"/>
      </Item3>
    </Exceptions>
  </Debugging>
</CONFIG>
